
Microsoft Visual Studio Solution File, Format Version 12.00
# Visual Studio Version 17
VisualStudioVersion = 17.9.34723.18
MinimumVisualStudioVersion = 10.0.40219.1
Project("{FAE04EC0-301F-11D3-BF4B-00C04F79EFBC}") = "PasswordCheckerv2", "PasswordCheckerv2\PasswordCheckerv2.csproj", "{EB94B23B-98EA-4EE0-80FE-958E766EFA5D}"
EndProject
Global
	GlobalSection(SolutionConfigurationPlatforms) = preSolution
		Debug|Any CPU = Debug|Any CPU
		Release|Any CPU = Release|Any CPU
	EndGlobalSection
	GlobalSection(ProjectConfigurationPlatforms) = postSolution
		{EB94B23B-98EA-4EE0-80FE-958E766EFA5D}.Debug|Any CPU.ActiveCfg = Debug|Any CPU
		{EB94B23B-98EA-4EE0-80FE-958E766EFA5D}.Debug|Any CPU.Build.0 = Debug|Any CPU
		{EB94B23B-98EA-4EE0-80FE-958E766EFA5D}.Release|Any CPU.ActiveCfg = Release|Any CPU
		{EB94B23B-98EA-4EE0-80FE-958E766EFA5D}.Release|Any CPU.Build.0 = Release|Any CPU
	EndGlobalSection
	GlobalSection(SolutionProperties) = preSolution
		HideSolutionNode = FALSE
	EndGlobalSection
	GlobalSection(ExtensibilityGlobals) = postSolution
		SolutionGuid = {2663B453-3815-40BD-A669-51253C1E50AE}
	EndGlobalSection
EndGlobal
