
Microsoft Visual Studio Solution File, Format Version 12.00
# Visual Studio Version 17
VisualStudioVersion = 17.10.34916.146
MinimumVisualStudioVersion = 10.0.40219.1
Project("{FAE04EC0-301F-11D3-BF4B-00C04F79EFBC}") = "LastProject", "LastProject\LastProject.csproj", "{EC6E1F0C-99C0-418D-A36B-4C7FD36585CB}"
EndProject
Global
	GlobalSection(SolutionConfigurationPlatforms) = preSolution
		Debug|Any CPU = Debug|Any CPU
		Release|Any CPU = Release|Any CPU
	EndGlobalSection
	GlobalSection(ProjectConfigurationPlatforms) = postSolution
		{EC6E1F0C-99C0-418D-A36B-4C7FD36585CB}.Debug|Any CPU.ActiveCfg = Debug|Any CPU
		{EC6E1F0C-99C0-418D-A36B-4C7FD36585CB}.Debug|Any CPU.Build.0 = Debug|Any CPU
		{EC6E1F0C-99C0-418D-A36B-4C7FD36585CB}.Release|Any CPU.ActiveCfg = Release|Any CPU
		{EC6E1F0C-99C0-418D-A36B-4C7FD36585CB}.Release|Any CPU.Build.0 = Release|Any CPU
	EndGlobalSection
	GlobalSection(SolutionProperties) = preSolution
		HideSolutionNode = FALSE
	EndGlobalSection
	GlobalSection(ExtensibilityGlobals) = postSolution
		SolutionGuid = {B9F49B50-A4EC-4E88-BCD8-818E48AE93B3}
	EndGlobalSection
EndGlobal
