
Microsoft Visual Studio Solution File, Format Version 12.00
# Visual Studio Version 17
VisualStudioVersion = 17.9.34616.47
MinimumVisualStudioVersion = 10.0.40219.1
Project("{FAE04EC0-301F-11D3-BF4B-00C04F79EFBC}") = "CesarDecrypt", "CesarDecrypt\CesarDecrypt.csproj", "{62824EA3-1ED5-45AC-B90C-4060D0B91939}"
EndProject
Global
	GlobalSection(SolutionConfigurationPlatforms) = preSolution
		Debug|Any CPU = Debug|Any CPU
		Release|Any CPU = Release|Any CPU
	EndGlobalSection
	GlobalSection(ProjectConfigurationPlatforms) = postSolution
		{62824EA3-1ED5-45AC-B90C-4060D0B91939}.Debug|Any CPU.ActiveCfg = Debug|Any CPU
		{62824EA3-1ED5-45AC-B90C-4060D0B91939}.Debug|Any CPU.Build.0 = Debug|Any CPU
		{62824EA3-1ED5-45AC-B90C-4060D0B91939}.Release|Any CPU.ActiveCfg = Release|Any CPU
		{62824EA3-1ED5-45AC-B90C-4060D0B91939}.Release|Any CPU.Build.0 = Release|Any CPU
	EndGlobalSection
	GlobalSection(SolutionProperties) = preSolution
		HideSolutionNode = FALSE
	EndGlobalSection
	GlobalSection(ExtensibilityGlobals) = postSolution
		SolutionGuid = {AE430C8F-E227-403D-979F-5B122C13BF63}
	EndGlobalSection
EndGlobal
